<Solution>
  <Folder Name="/Solution Items/">
    <File Path="Directory.Build.props" />
    <File Path="Directory.Packages.props" />
  </Folder>
  <Project Path="src/CasCap.GooglePhotosCli.Tests/CasCap.GooglePhotosCli.Tests.csproj" />
  <Project Path="src/CasCap.GooglePhotosCli/CasCap.GooglePhotosCli.csproj" />
</Solution>
